
Microsoft Visual Studio Solution File, Format Version 12.00
# Visual Studio Version 17
VisualStudioVersion = 17.9.34728.123
MinimumVisualStudioVersion = 10.0.40219.1
Project("{FAE04EC0-301F-11D3-BF4B-00C04F79EFBC}") = "Shopsic.DataAccess", "Shopsic.DataAccess\Shopsic.DataAccess.csproj", "{8912A580-3D6B-4988-BB63-337D3B1ED3C4}"
EndProject
Project("{FAE04EC0-301F-11D3-BF4B-00C04F79EFBC}") = "Shopsic.Domain", "Shopsic.Domain\Shopsic.Domain.csproj", "{665BBD0C-9A94-4B17-824E-8712056CA05C}"
EndProject
Project("{FAE04EC0-301F-11D3-BF4B-00C04F79EFBC}") = "Shopsic.API", "Shopsic.API\Shopsic.API.csproj", "{F60AB88D-FA78-4C1C-B8C1-EC8FF9DC5221}"
EndProject
Global
	GlobalSection(SolutionConfigurationPlatforms) = preSolution
		Debug|Any CPU = Debug|Any CPU
		Release|Any CPU = Release|Any CPU
	EndGlobalSection
	GlobalSection(ProjectConfigurationPlatforms) = postSolution
		{8912A580-3D6B-4988-BB63-337D3B1ED3C4}.Debug|Any CPU.ActiveCfg = Debug|Any CPU
		{8912A580-3D6B-4988-BB63-337D3B1ED3C4}.Debug|Any CPU.Build.0 = Debug|Any CPU
		{8912A580-3D6B-4988-BB63-337D3B1ED3C4}.Release|Any CPU.ActiveCfg = Release|Any CPU
		{8912A580-3D6B-4988-BB63-337D3B1ED3C4}.Release|Any CPU.Build.0 = Release|Any CPU
		{665BBD0C-9A94-4B17-824E-8712056CA05C}.Debug|Any CPU.ActiveCfg = Debug|Any CPU
		{665BBD0C-9A94-4B17-824E-8712056CA05C}.Debug|Any CPU.Build.0 = Debug|Any CPU
		{665BBD0C-9A94-4B17-824E-8712056CA05C}.Release|Any CPU.ActiveCfg = Release|Any CPU
		{665BBD0C-9A94-4B17-824E-8712056CA05C}.Release|Any CPU.Build.0 = Release|Any CPU
		{F60AB88D-FA78-4C1C-B8C1-EC8FF9DC5221}.Debug|Any CPU.ActiveCfg = Debug|Any CPU
		{F60AB88D-FA78-4C1C-B8C1-EC8FF9DC5221}.Debug|Any CPU.Build.0 = Debug|Any CPU
		{F60AB88D-FA78-4C1C-B8C1-EC8FF9DC5221}.Release|Any CPU.ActiveCfg = Release|Any CPU
		{F60AB88D-FA78-4C1C-B8C1-EC8FF9DC5221}.Release|Any CPU.Build.0 = Release|Any CPU
	EndGlobalSection
	GlobalSection(SolutionProperties) = preSolution
		HideSolutionNode = FALSE
	EndGlobalSection
	GlobalSection(ExtensibilityGlobals) = postSolution
		SolutionGuid = {D407B556-3DC1-4A4E-A239-A8963179DAAB}
	EndGlobalSection
EndGlobal
